// !$*UTF8*$!
{
	archiveVersion = 1;
	classes = {
	};
	objectVersion = 56;
	objects = {

/* Begin PBXBuildFile section */
		D8648BE22D31BD4F00DD246A /* WidgetTestApp.swift in Sources */ = {isa = PBXBuildFile; fileRef = D8648BE12D31BD4F00DD246A /* WidgetTestApp.swift */; };
		D8648BE62D31BD5100DD246A /* Assets.xcassets in Resources */ = {isa = PBXBuildFile; fileRef = D8648BE52D31BD5100DD246A /* Assets.xcassets */; };
		D8648BE92D31BD5100DD246A /* Preview Assets.xcassets in Resources */ = {isa = PBXBuildFile; fileRef = D8648BE82D31BD5100DD246A /* Preview Assets.xcassets */; };
		D8648BF42D31BD5100DD246A /* WidgetTestTests.swift in Sources */ = {isa = PBXBuildFile; fileRef = D8648BF32D31BD5100DD246A /* WidgetTestTests.swift */; };
		D8648BFE2D31BD5100DD246A /* WidgetTestUITests.swift in Sources */ = {isa = PBXBuildFile; fileRef = D8648BFD2D31BD5100DD246A /* WidgetTestUITests.swift */; };
		D8648C002D31BD5100DD246A /* WidgetTestUITestsLaunchTests.swift in Sources */ = {isa = PBXBuildFile; fileRef = D8648BFF2D31BD5100DD246A /* WidgetTestUITestsLaunchTests.swift */; };
		D8648C132D31BD8200DD246A /* WidgetKit.framework in Frameworks */ = {isa = PBXBuildFile; fileRef = D8648C122D31BD8100DD246A /* WidgetKit.framework */; };
		D8648C152D31BD8200DD246A /* SwiftUI.framework in Frameworks */ = {isa = PBXBuildFile; fileRef = D8648C142D31BD8200DD246A /* SwiftUI.framework */; };
		D8648C182D31BD8200DD246A /* SimpleWidgetBundle.swift in Sources */ = {isa = PBXBuildFile; fileRef = D8648C172D31BD8200DD246A /* SimpleWidgetBundle.swift */; };
		D8648C1A2D31BD8200DD246A /* SimpleWidget.swift in Sources */ = {isa = PBXBuildFile; fileRef = D8648C192D31BD8200DD246A /* SimpleWidget.swift */; };
		D8648C1C2D31BD8200DD246A /* AppIntent.swift in Sources */ = {isa = PBXBuildFile; fileRef = D8648C1B2D31BD8200DD246A /* AppIntent.swift */; };
		D8648C1E2D31BD8700DD246A /* Assets.xcassets in Resources */ = {isa = PBXBuildFile; fileRef = D8648C1D2D31BD8700DD246A /* Assets.xcassets */; };
		D8648C232D31BD8700DD246A /* SimpleWidgetExtension.appex in Embed Foundation Extensions */ = {isa = PBXBuildFile; fileRef = D8648C102D31BD8100DD246A /* SimpleWidgetExtension.appex */; settings = {ATTRIBUTES = (RemoveHeadersOnCopy, ); }; };
		D8A994AC2D44421100AA1B27 /* ContentView.swift in Sources */ = {isa = PBXBuildFile; fileRef = D8648BE32D31BD4F00DD246A /* ContentView.swift */; };
		D8A994AD2D44422300AA1B27 /* ContentView.swift in Sources */ = {isa = PBXBuildFile; fileRef = D8648BE32D31BD4F00DD246A /* ContentView.swift */; };
/* End PBXBuildFile section */

/* Begin PBXContainerItemProxy section */
		D8648BF02D31BD5100DD246A /* PBXContainerItemProxy */ = {
			isa = PBXContainerItemProxy;
			containerPortal = D8648BD62D31BD4F00DD246A /* Project object */;
			proxyType = 1;
			remoteGlobalIDString = D8648BDD2D31BD4F00DD246A;
			remoteInfo = WidgetTest;
		};
		D8648BFA2D31BD5100DD246A /* PBXContainerItemProxy */ = {
			isa = PBXContainerItemProxy;
			containerPortal = D8648BD62D31BD4F00DD246A /* Project object */;
			proxyType = 1;
			remoteGlobalIDString = D8648BDD2D31BD4F00DD246A;
			remoteInfo = WidgetTest;
		};
		D8648C212D31BD8700DD246A /* PBXContainerItemProxy */ = {
			isa = PBXContainerItemProxy;
			containerPortal = D8648BD62D31BD4F00DD246A /* Project object */;
			proxyType = 1;
			remoteGlobalIDString = D8648C0F2D31BD8100DD246A;
			remoteInfo = SimpleWidgetExtension;
		};
/* End PBXContainerItemProxy section */

/* Begin PBXCopyFilesBuildPhase section */
		D8648C272D31BD8700DD246A /* Embed Foundation Extensions */ = {
			isa = PBXCopyFilesBuildPhase;
			buildActionMask = 2147483647;
			dstPath = "";
			dstSubfolderSpec = 13;
			files = (
				D8648C232D31BD8700DD246A /* SimpleWidgetExtension.appex in Embed Foundation Extensions */,
			);
			name = "Embed Foundation Extensions";
			runOnlyForDeploymentPostprocessing = 0;
		};
/* End PBXCopyFilesBuildPhase section */

/* Begin PBXFileReference section */
		D8648BDE2D31BD4F00DD246A /* WidgetTest.app */ = {isa = PBXFileReference; explicitFileType = wrapper.application; includeInIndex = 0; path = WidgetTest.app; sourceTree = BUILT_PRODUCTS_DIR; };
		D8648BE12D31BD4F00DD246A /* WidgetTestApp.swift */ = {isa = PBXFileReference; lastKnownFileType = sourcecode.swift; path = WidgetTestApp.swift; sourceTree = "<group>"; };
		D8648BE32D31BD4F00DD246A /* ContentView.swift */ = {isa = PBXFileReference; indentWidth = 1; lastKnownFileType = sourcecode.swift; path = ContentView.swift; sourceTree = "<group>"; tabWidth = 1; };
		D8648BE52D31BD5100DD246A /* Assets.xcassets */ = {isa = PBXFileReference; lastKnownFileType = folder.assetcatalog; path = Assets.xcassets; sourceTree = "<group>"; };
		D8648BE82D31BD5100DD246A /* Preview Assets.xcassets */ = {isa = PBXFileReference; lastKnownFileType = folder.assetcatalog; path = "Preview Assets.xcassets"; sourceTree = "<group>"; };
		D8648BEA2D31BD5100DD246A /* WidgetTest.entitlements */ = {isa = PBXFileReference; lastKnownFileType = text.plist.entitlements; path = WidgetTest.entitlements; sourceTree = "<group>"; };
		D8648BEF2D31BD5100DD246A /* WidgetTestTests.xctest */ = {isa = PBXFileReference; explicitFileType = wrapper.cfbundle; includeInIndex = 0; path = WidgetTestTests.xctest; sourceTree = BUILT_PRODUCTS_DIR; };
		D8648BF32D31BD5100DD246A /* WidgetTestTests.swift */ = {isa = PBXFileReference; lastKnownFileType = sourcecode.swift; path = WidgetTestTests.swift; sourceTree = "<group>"; };
		D8648BF92D31BD5100DD246A /* WidgetTestUITests.xctest */ = {isa = PBXFileReference; explicitFileType = wrapper.cfbundle; includeInIndex = 0; path = WidgetTestUITests.xctest; sourceTree = BUILT_PRODUCTS_DIR; };
		D8648BFD2D31BD5100DD246A /* WidgetTestUITests.swift */ = {isa = PBXFileReference; lastKnownFileType = sourcecode.swift; path = WidgetTestUITests.swift; sourceTree = "<group>"; };
		D8648BFF2D31BD5100DD246A /* WidgetTestUITestsLaunchTests.swift */ = {isa = PBXFileReference; lastKnownFileType = sourcecode.swift; path = WidgetTestUITestsLaunchTests.swift; sourceTree = "<group>"; };
		D8648C102D31BD8100DD246A /* SimpleWidgetExtension.appex */ = {isa = PBXFileReference; explicitFileType = "wrapper.app-extension"; includeInIndex = 0; path = SimpleWidgetExtension.appex; sourceTree = BUILT_PRODUCTS_DIR; };
		D8648C122D31BD8100DD246A /* WidgetKit.framework */ = {isa = PBXFileReference; lastKnownFileType = wrapper.framework; name = WidgetKit.framework; path = System/Library/Frameworks/WidgetKit.framework; sourceTree = SDKROOT; };
		D8648C142D31BD8200DD246A /* SwiftUI.framework */ = {isa = PBXFileReference; lastKnownFileType = wrapper.framework; name = SwiftUI.framework; path = System/Library/Frameworks/SwiftUI.framework; sourceTree = SDKROOT; };
		D8648C172D31BD8200DD246A /* SimpleWidgetBundle.swift */ = {isa = PBXFileReference; lastKnownFileType = sourcecode.swift; path = SimpleWidgetBundle.swift; sourceTree = "<group>"; };
		D8648C192D31BD8200DD246A /* SimpleWidget.swift */ = {isa = PBXFileReference; lastKnownFileType = sourcecode.swift; path = SimpleWidget.swift; sourceTree = "<group>"; };
		D8648C1B2D31BD8200DD246A /* AppIntent.swift */ = {isa = PBXFileReference; lastKnownFileType = sourcecode.swift; path = AppIntent.swift; sourceTree = "<group>"; };
		D8648C1D2D31BD8700DD246A /* Assets.xcassets */ = {isa = PBXFileReference; lastKnownFileType = folder.assetcatalog; path = Assets.xcassets; sourceTree = "<group>"; };
		D8648C1F2D31BD8700DD246A /* Info.plist */ = {isa = PBXFileReference; lastKnownFileType = text.plist.xml; path = Info.plist; sourceTree = "<group>"; };
		D8648C202D31BD8700DD246A /* SimpleWidget.entitlements */ = {isa = PBXFileReference; lastKnownFileType = text.plist.entitlements; path = SimpleWidget.entitlements; sourceTree = "<group>"; };
		D8A994AB2D443BE700AA1B27 /* Info.plist */ = {isa = PBXFileReference; lastKnownFileType = text.plist; path = Info.plist; sourceTree = "<group>"; };
/* End PBXFileReference section */

/* Begin PBXFrameworksBuildPhase section */
		D8648BDB2D31BD4F00DD246A /* Frameworks */ = {
			isa = PBXFrameworksBuildPhase;
			buildActionMask = 2147483647;
			files = (
			);
			runOnlyForDeploymentPostprocessing = 0;
		};
		D8648BEC2D31BD5100DD246A /* Frameworks */ = {
			isa = PBXFrameworksBuildPhase;
			buildActionMask = 2147483647;
			files = (
			);
			runOnlyForDeploymentPostprocessing = 0;
		};
		D8648BF62D31BD5100DD246A /* Frameworks */ = {
			isa = PBXFrameworksBuildPhase;
			buildActionMask = 2147483647;
			files = (
			);
			runOnlyForDeploymentPostprocessing = 0;
		};
		D8648C0D2D31BD8100DD246A /* Frameworks */ = {
			isa = PBXFrameworksBuildPhase;
			buildActionMask = 2147483647;
			files = (
				D8648C152D31BD8200DD246A /* SwiftUI.framework in Frameworks */,
				D8648C132D31BD8200DD246A /* WidgetKit.framework in Frameworks */,
			);
			runOnlyForDeploymentPostprocessing = 0;
		};
/* End PBXFrameworksBuildPhase section */

/* Begin PBXGroup section */
		D8648BD52D31BD4F00DD246A = {
			isa = PBXGroup;
			children = (
				D8648BE02D31BD4F00DD246A /* WidgetTest */,
				D8648BF22D31BD5100DD246A /* WidgetTestTests */,
				D8648BFC2D31BD5100DD246A /* WidgetTestUITests */,
				D8648C162D31BD8200DD246A /* SimpleWidget */,
				D8648C112D31BD8100DD246A /* Frameworks */,
				D8648BDF2D31BD4F00DD246A /* Products */,
			);
			sourceTree = "<group>";
		};
		D8648BDF2D31BD4F00DD246A /* Products */ = {
			isa = PBXGroup;
			children = (
				D8648BDE2D31BD4F00DD246A /* WidgetTest.app */,
				D8648BEF2D31BD5100DD246A /* WidgetTestTests.xctest */,
				D8648BF92D31BD5100DD246A /* WidgetTestUITests.xctest */,
				D8648C102D31BD8100DD246A /* SimpleWidgetExtension.appex */,
			);
			name = Products;
			sourceTree = "<group>";
		};
		D8648BE02D31BD4F00DD246A /* WidgetTest */ = {
			isa = PBXGroup;
			children = (
				D8A994AB2D443BE700AA1B27 /* Info.plist */,
				D8648BE12D31BD4F00DD246A /* WidgetTestApp.swift */,
				D8648BE32D31BD4F00DD246A /* ContentView.swift */,
				D8648BE52D31BD5100DD246A /* Assets.xcassets */,
				D8648BEA2D31BD5100DD246A /* WidgetTest.entitlements */,
				D8648BE72D31BD5100DD246A /* Preview Content */,
			);
			path = WidgetTest;
			sourceTree = "<group>";
		};
		D8648BE72D31BD5100DD246A /* Preview Content */ = {
			isa = PBXGroup;
			children = (
				D8648BE82D31BD5100DD246A /* Preview Assets.xcassets */,
			);
			path = "Preview Content";
			sourceTree = "<group>";
		};
		D8648BF22D31BD5100DD246A /* WidgetTestTests */ = {
			isa = PBXGroup;
			children = (
				D8648BF32D31BD5100DD246A /* WidgetTestTests.swift */,
			);
			path = WidgetTestTests;
			sourceTree = "<group>";
		};
		D8648BFC2D31BD5100DD246A /* WidgetTestUITests */ = {
			isa = PBXGroup;
			children = (
				D8648BFD2D31BD5100DD246A /* WidgetTestUITests.swift */,
				D8648BFF2D31BD5100DD246A /* WidgetTestUITestsLaunchTests.swift */,
			);
			path = WidgetTestUITests;
			sourceTree = "<group>";
		};
		D8648C112D31BD8100DD246A /* Frameworks */ = {
			isa = PBXGroup;
			children = (
				D8648C122D31BD8100DD246A /* WidgetKit.framework */,
				D8648C142D31BD8200DD246A /* SwiftUI.framework */,
			);
			name = Frameworks;
			sourceTree = "<group>";
		};
		D8648C162D31BD8200DD246A /* SimpleWidget */ = {
			isa = PBXGroup;
			children = (
				D8648C172D31BD8200DD246A /* SimpleWidgetBundle.swift */,
				D8648C192D31BD8200DD246A /* SimpleWidget.swift */,
				D8648C1B2D31BD8200DD246A /* AppIntent.swift */,
				D8648C1D2D31BD8700DD246A /* Assets.xcassets */,
				D8648C1F2D31BD8700DD246A /* Info.plist */,
				D8648C202D31BD8700DD246A /* SimpleWidget.entitlements */,
			);
			path = SimpleWidget;
			sourceTree = "<group>";
		};
/* End PBXGroup section */

/* Begin PBXNativeTarget section */
		D8648BDD2D31BD4F00DD246A /* WidgetTest */ = {
			isa = PBXNativeTarget;
			buildConfigurationList = D8648C032D31BD5100DD246A /* Build configuration list for PBXNativeTarget "WidgetTest" */;
			buildPhases = (
				D8648BDA2D31BD4F00DD246A /* Sources */,
				D8648BDB2D31BD4F00DD246A /* Frameworks */,
				D8648BDC2D31BD4F00DD246A /* Resources */,
				D8648C272D31BD8700DD246A /* Embed Foundation Extensions */,
			);
			buildRules = (
			);
			dependencies = (
				D8648C222D31BD8700DD246A /* PBXTargetDependency */,
			);
			name = WidgetTest;
			productName = WidgetTest;
			productReference = D8648BDE2D31BD4F00DD246A /* WidgetTest.app */;
			productType = "com.apple.product-type.application";
		};
		D8648BEE2D31BD5100DD246A /* WidgetTestTests */ = {
			isa = PBXNativeTarget;
			buildConfigurationList = D8648C062D31BD5100DD246A /* Build configuration list for PBXNativeTarget "WidgetTestTests" */;
			buildPhases = (
				D8648BEB2D31BD5100DD246A /* Sources */,
				D8648BEC2D31BD5100DD246A /* Frameworks */,
				D8648BED2D31BD5100DD246A /* Resources */,
			);
			buildRules = (
			);
			dependencies = (
				D8648BF12D31BD5100DD246A /* PBXTargetDependency */,
			);
			name = WidgetTestTests;
			productName = WidgetTestTests;
			productReference = D8648BEF2D31BD5100DD246A /* WidgetTestTests.xctest */;
			productType = "com.apple.product-type.bundle.unit-test";
		};
		D8648BF82D31BD5100DD246A /* WidgetTestUITests */ = {
			isa = PBXNativeTarget;
			buildConfigurationList = D8648C092D31BD5100DD246A /* Build configuration list for PBXNativeTarget "WidgetTestUITests" */;
			buildPhases = (
				D8648BF52D31BD5100DD246A /* Sources */,
				D8648BF62D31BD5100DD246A /* Frameworks */,
				D8648BF72D31BD5100DD246A /* Resources */,
			);
			buildRules = (
			);
			dependencies = (
				D8648BFB2D31BD5100DD246A /* PBXTargetDependency */,
			);
			name = WidgetTestUITests;
			productName = WidgetTestUITests;
			productReference = D8648BF92D31BD5100DD246A /* WidgetTestUITests.xctest */;
			productType = "com.apple.product-type.bundle.ui-testing";
		};
		D8648C0F2D31BD8100DD246A /* SimpleWidgetExtension */ = {
			isa = PBXNativeTarget;
			buildConfigurationList = D8648C242D31BD8700DD246A /* Build configuration list for PBXNativeTarget "SimpleWidgetExtension" */;
			buildPhases = (
				D8648C0C2D31BD8100DD246A /* Sources */,
				D8648C0D2D31BD8100DD246A /* Frameworks */,
				D8648C0E2D31BD8100DD246A /* Resources */,
			);
			buildRules = (
			);
			dependencies = (
			);
			name = SimpleWidgetExtension;
			productName = SimpleWidgetExtension;
			productReference = D8648C102D31BD8100DD246A /* SimpleWidgetExtension.appex */;
			productType = "com.apple.product-type.app-extension";
		};
/* End PBXNativeTarget section */

/* Begin PBXProject section */
		D8648BD62D31BD4F00DD246A /* Project object */ = {
			isa = PBXProject;
			attributes = {
				BuildIndependentTargetsInParallel = 1;
				LastSwiftUpdateCheck = 1540;
				LastUpgradeCheck = 1540;
				TargetAttributes = {
					D8648BDD2D31BD4F00DD246A = {
						CreatedOnToolsVersion = 15.4;
					};
					D8648BEE2D31BD5100DD246A = {
						CreatedOnToolsVersion = 15.4;
						TestTargetID = D8648BDD2D31BD4F00DD246A;
					};
					D8648BF82D31BD5100DD246A = {
						CreatedOnToolsVersion = 15.4;
						TestTargetID = D8648BDD2D31BD4F00DD246A;
					};
					D8648C0F2D31BD8100DD246A = {
						CreatedOnToolsVersion = 15.4;
					};
				};
			};
			buildConfigurationList = D8648BD92D31BD4F00DD246A /* Build configuration list for PBXProject "WidgetTest" */;
			compatibilityVersion = "Xcode 14.0";
			developmentRegion = en;
			hasScannedForEncodings = 0;
			knownRegions = (
				en,
				Base,
			);
			mainGroup = D8648BD52D31BD4F00DD246A;
			productRefGroup = D8648BDF2D31BD4F00DD246A /* Products */;
			projectDirPath = "";
			projectRoot = "";
			targets = (
				D8648BDD2D31BD4F00DD246A /* WidgetTest */,
				D8648BEE2D31BD5100DD246A /* WidgetTestTests */,
				D8648BF82D31BD5100DD246A /* WidgetTestUITests */,
				D8648C0F2D31BD8100DD246A /* SimpleWidgetExtension */,
			);
		};
/* End PBXProject section */

/* Begin PBXResourcesBuildPhase section */
		D8648BDC2D31BD4F00DD246A /* Resources */ = {
			isa = PBXResourcesBuildPhase;
			buildActionMask = 2147483647;
			files = (
				D8648BE92D31BD5100DD246A /* Preview Assets.xcassets in Resources */,
				D8648BE62D31BD5100DD246A /* Assets.xcassets in Resources */,
			);
			runOnlyForDeploymentPostprocessing = 0;
		};
		D8648BED2D31BD5100DD246A /* Resources */ = {
			isa = PBXResourcesBuildPhase;
			buildActionMask = 2147483647;
			files = (
			);
			runOnlyForDeploymentPostprocessing = 0;
		};
		D8648BF72D31BD5100DD246A /* Resources */ = {
			isa = PBXResourcesBuildPhase;
			buildActionMask = 2147483647;
			files = (
			);
			runOnlyForDeploymentPostprocessing = 0;
		};
		D8648C0E2D31BD8100DD246A /* Resources */ = {
			isa = PBXResourcesBuildPhase;
			buildActionMask = 2147483647;
			files = (
				D8648C1E2D31BD8700DD246A /* Assets.xcassets in Resources */,
			);
			runOnlyForDeploymentPostprocessing = 0;
		};
/* End PBXResourcesBuildPhase section */

/* Begin PBXSourcesBuildPhase section */
		D8648BDA2D31BD4F00DD246A /* Sources */ = {
			isa = PBXSourcesBuildPhase;
			buildActionMask = 2147483647;
			files = (
				D8A994AD2D44422300AA1B27 /* ContentView.swift in Sources */,
				D8648BE22D31BD4F00DD246A /* WidgetTestApp.swift in Sources */,
			);
			runOnlyForDeploymentPostprocessing = 0;
		};
		D8648BEB2D31BD5100DD246A /* Sources */ = {
			isa = PBXSourcesBuildPhase;
			buildActionMask = 2147483647;
			files = (
				D8648BF42D31BD5100DD246A /* WidgetTestTests.swift in Sources */,
			);
			runOnlyForDeploymentPostprocessing = 0;
		};
		D8648BF52D31BD5100DD246A /* Sources */ = {
			isa = PBXSourcesBuildPhase;
			buildActionMask = 2147483647;
			files = (
				D8648C002D31BD5100DD246A /* WidgetTestUITestsLaunchTests.swift in Sources */,
				D8648BFE2D31BD5100DD246A /* WidgetTestUITests.swift in Sources */,
			);
			runOnlyForDeploymentPostprocessing = 0;
		};
		D8648C0C2D31BD8100DD246A /* Sources */ = {
			isa = PBXSourcesBuildPhase;
			buildActionMask = 2147483647;
			files = (
				D8648C182D31BD8200DD246A /* SimpleWidgetBundle.swift in Sources */,
				D8648C1A2D31BD8200DD246A /* SimpleWidget.swift in Sources */,
				D8A994AC2D44421100AA1B27 /* ContentView.swift in Sources */,
				D8648C1C2D31BD8200DD246A /* AppIntent.swift in Sources */,
			);
			runOnlyForDeploymentPostprocessing = 0;
		};
/* End PBXSourcesBuildPhase section */

/* Begin PBXTargetDependency section */
		D8648BF12D31BD5100DD246A /* PBXTargetDependency */ = {
			isa = PBXTargetDependency;
			target = D8648BDD2D31BD4F00DD246A /* WidgetTest */;
			targetProxy = D8648BF02D31BD5100DD246A /* PBXContainerItemProxy */;
		};
		D8648BFB2D31BD5100DD246A /* PBXTargetDependency */ = {
			isa = PBXTargetDependency;
			target = D8648BDD2D31BD4F00DD246A /* WidgetTest */;
			targetProxy = D8648BFA2D31BD5100DD246A /* PBXContainerItemProxy */;
		};
		D8648C222D31BD8700DD246A /* PBXTargetDependency */ = {
			isa = PBXTargetDependency;
			target = D8648C0F2D31BD8100DD246A /* SimpleWidgetExtension */;
			targetProxy = D8648C212D31BD8700DD246A /* PBXContainerItemProxy */;
		};
/* End PBXTargetDependency section */

/* Begin XCBuildConfiguration section */
		D8648C012D31BD5100DD246A /* Debug */ = {
			isa = XCBuildConfiguration;
			buildSettings = {
				ALWAYS_SEARCH_USER_PATHS = NO;
				ASSETCATALOG_COMPILER_GENERATE_SWIFT_ASSET_SYMBOL_EXTENSIONS = YES;
				CLANG_ANALYZER_NONNULL = YES;
				CLANG_ANALYZER_NUMBER_OBJECT_CONVERSION = YES_AGGRESSIVE;
				CLANG_CXX_LANGUAGE_STANDARD = "gnu++20";
				CLANG_ENABLE_MODULES = YES;
				CLANG_ENABLE_OBJC_ARC = YES;
				CLANG_ENABLE_OBJC_WEAK = YES;
				CLANG_WARN_BLOCK_CAPTURE_AUTORELEASING = YES;
				CLANG_WARN_BOOL_CONVERSION = YES;
				CLANG_WARN_COMMA = YES;
				CLANG_WARN_CONSTANT_CONVERSION = YES;
				CLANG_WARN_DEPRECATED_OBJC_IMPLEMENTATIONS = YES;
				CLANG_WARN_DIRECT_OBJC_ISA_USAGE = YES_ERROR;
				CLANG_WARN_DOCUMENTATION_COMMENTS = YES;
				CLANG_WARN_EMPTY_BODY = YES;
				CLANG_WARN_ENUM_CONVERSION = YES;
				CLANG_WARN_INFINITE_RECURSION = YES;
				CLANG_WARN_INT_CONVERSION = YES;
				CLANG_WARN_NON_LITERAL_NULL_CONVERSION = YES;
				CLANG_WARN_OBJC_IMPLICIT_RETAIN_SELF = YES;
				CLANG_WARN_OBJC_LITERAL_CONVERSION = YES;
				CLANG_WARN_OBJC_ROOT_CLASS = YES_ERROR;
				CLANG_WARN_QUOTED_INCLUDE_IN_FRAMEWORK_HEADER = YES;
				CLANG_WARN_RANGE_LOOP_ANALYSIS = YES;
				CLANG_WARN_STRICT_PROTOTYPES = YES;
				CLANG_WARN_SUSPICIOUS_MOVE = YES;
				CLANG_WARN_UNGUARDED_AVAILABILITY = YES_AGGRESSIVE;
				CLANG_WARN_UNREACHABLE_CODE = YES;
				CLANG_WARN__DUPLICATE_METHOD_MATCH = YES;
				COPY_PHASE_STRIP = NO;
				DEBUG_INFORMATION_FORMAT = dwarf;
				ENABLE_STRICT_OBJC_MSGSEND = YES;
				ENABLE_TESTABILITY = YES;
				ENABLE_USER_SCRIPT_SANDBOXING = YES;
				GCC_C_LANGUAGE_STANDARD = gnu17;
				GCC_DYNAMIC_NO_PIC = NO;
				GCC_NO_COMMON_BLOCKS = YES;
				GCC_OPTIMIZATION_LEVEL = 0;
				GCC_PREPROCESSOR_DEFINITIONS = (
					"DEBUG=1",
					"$(inherited)",
				);
				GCC_WARN_64_TO_32_BIT_CONVERSION = YES;
				GCC_WARN_ABOUT_RETURN_TYPE = YES_ERROR;
				GCC_WARN_UNDECLARED_SELECTOR = YES;
				GCC_WARN_UNINITIALIZED_AUTOS = YES_AGGRESSIVE;
				GCC_WARN_UNUSED_FUNCTION = YES;
				GCC_WARN_UNUSED_VARIABLE = YES;
				LOCALIZATION_PREFERS_STRING_CATALOGS = YES;
				MACOSX_DEPLOYMENT_TARGET = 14.2;
				MTL_ENABLE_DEBUG_INFO = INCLUDE_SOURCE;
				MTL_FAST_MATH = YES;
				ONLY_ACTIVE_ARCH = YES;
				SDKROOT = macosx;
				SWIFT_ACTIVE_COMPILATION_CONDITIONS = "DEBUG $(inherited)";
				SWIFT_OPTIMIZATION_LEVEL = "-Onone";
			};
			name = Debug;
		};
		D8648C022D31BD5100DD246A /* Release */ = {
			isa = XCBuildConfiguration;
			buildSettings = {
				ALWAYS_SEARCH_USER_PATHS = NO;
				ASSETCATALOG_COMPILER_GENERATE_SWIFT_ASSET_SYMBOL_EXTENSIONS = YES;
				CLANG_ANALYZER_NONNULL = YES;
				CLANG_ANALYZER_NUMBER_OBJECT_CONVERSION = YES_AGGRESSIVE;
				CLANG_CXX_LANGUAGE_STANDARD = "gnu++20";
				CLANG_ENABLE_MODULES = YES;
				CLANG_ENABLE_OBJC_ARC = YES;
				CLANG_ENABLE_OBJC_WEAK = YES;
				CLANG_WARN_BLOCK_CAPTURE_AUTORELEASING = YES;
				CLANG_WARN_BOOL_CONVERSION = YES;
				CLANG_WARN_COMMA = YES;
				CLANG_WARN_CONSTANT_CONVERSION = YES;
				CLANG_WARN_DEPRECATED_OBJC_IMPLEMENTATIONS = YES;
				CLANG_WARN_DIRECT_OBJC_ISA_USAGE = YES_ERROR;
				CLANG_WARN_DOCUMENTATION_COMMENTS = YES;
				CLANG_WARN_EMPTY_BODY = YES;
				CLANG_WARN_ENUM_CONVERSION = YES;
				CLANG_WARN_INFINITE_RECURSION = YES;
				CLANG_WARN_INT_CONVERSION = YES;
				CLANG_WARN_NON_LITERAL_NULL_CONVERSION = YES;
				CLANG_WARN_OBJC_IMPLICIT_RETAIN_SELF = YES;
				CLANG_WARN_OBJC_LITERAL_CONVERSION = YES;
				CLANG_WARN_OBJC_ROOT_CLASS = YES_ERROR;
				CLANG_WARN_QUOTED_INCLUDE_IN_FRAMEWORK_HEADER = YES;
				CLANG_WARN_RANGE_LOOP_ANALYSIS = YES;
				CLANG_WARN_STRICT_PROTOTYPES = YES;
				CLANG_WARN_SUSPICIOUS_MOVE = YES;
				CLANG_WARN_UNGUARDED_AVAILABILITY = YES_AGGRESSIVE;
				CLANG_WARN_UNREACHABLE_CODE = YES;
				CLANG_WARN__DUPLICATE_METHOD_MATCH = YES;
				COPY_PHASE_STRIP = NO;
				DEBUG_INFORMATION_FORMAT = "dwarf-with-dsym";
				ENABLE_NS_ASSERTIONS = NO;
				ENABLE_STRICT_OBJC_MSGSEND = YES;
				ENABLE_USER_SCRIPT_SANDBOXING = YES;
				GCC_C_LANGUAGE_STANDARD = gnu17;
				GCC_NO_COMMON_BLOCKS = YES;
				GCC_WARN_64_TO_32_BIT_CONVERSION = YES;
				GCC_WARN_ABOUT_RETURN_TYPE = YES_ERROR;
				GCC_WARN_UNDECLARED_SELECTOR = YES;
				GCC_WARN_UNINITIALIZED_AUTOS = YES_AGGRESSIVE;
				GCC_WARN_UNUSED_FUNCTION = YES;
				GCC_WARN_UNUSED_VARIABLE = YES;
				LOCALIZATION_PREFERS_STRING_CATALOGS = YES;
				MACOSX_DEPLOYMENT_TARGET = 14.2;
				MTL_ENABLE_DEBUG_INFO = NO;
				MTL_FAST_MATH = YES;
				SDKROOT = macosx;
				SWIFT_COMPILATION_MODE = wholemodule;
			};
			name = Release;
		};
		D8648C042D31BD5100DD246A /* Debug */ = {
			isa = XCBuildConfiguration;
			buildSettings = {
				ALWAYS_EMBED_SWIFT_STANDARD_LIBRARIES = YES;
				ASSETCATALOG_COMPILER_APPICON_NAME = AppIcon;
				ASSETCATALOG_COMPILER_GLOBAL_ACCENT_COLOR_NAME = AccentColor;
				CODE_SIGN_ENTITLEMENTS = WidgetTest/WidgetTest.entitlements;
				"CODE_SIGN_IDENTITY[sdk=macosx*]" = "-";
				CODE_SIGN_STYLE = Automatic;
				COMBINE_HIDPI_IMAGES = YES;
				CURRENT_PROJECT_VERSION = 1;
				DEVELOPMENT_ASSET_PATHS = "\"WidgetTest/Preview Content\"";
				ENABLE_PREVIEWS = YES;
				GENERATE_INFOPLIST_FILE = YES;
				INFOPLIST_FILE = WidgetTest/Info.plist;
				INFOPLIST_KEY_NSHumanReadableCopyright = "";
				LD_RUNPATH_SEARCH_PATHS = (
					"$(inherited)",
					"@executable_path/../Frameworks",
				);
				MARKETING_VERSION = 1.1;
				PRODUCT_BUNDLE_IDENTIFIER = BMD.WidgetTest;
				PRODUCT_NAME = "$(TARGET_NAME)";
				SWIFT_EMIT_LOC_STRINGS = YES;
				SWIFT_VERSION = 5.0;
			};
			name = Debug;
		};
		D8648C052D31BD5100DD246A /* Release */ = {
			isa = XCBuildConfiguration;
			buildSettings = {
				ALWAYS_EMBED_SWIFT_STANDARD_LIBRARIES = YES;
				ASSETCATALOG_COMPILER_APPICON_NAME = AppIcon;
				ASSETCATALOG_COMPILER_GLOBAL_ACCENT_COLOR_NAME = AccentColor;
				CODE_SIGN_ENTITLEMENTS = WidgetTest/WidgetTest.entitlements;
				"CODE_SIGN_IDENTITY[sdk=macosx*]" = "-";
				CODE_SIGN_STYLE = Automatic;
				COMBINE_HIDPI_IMAGES = YES;
				CURRENT_PROJECT_VERSION = 1;
				DEVELOPMENT_ASSET_PATHS = "\"WidgetTest/Preview Content\"";
				ENABLE_PREVIEWS = YES;
				GENERATE_INFOPLIST_FILE = YES;
				INFOPLIST_FILE = WidgetTest/Info.plist;
				INFOPLIST_KEY_NSHumanReadableCopyright = "";
				LD_RUNPATH_SEARCH_PATHS = (
					"$(inherited)",
					"@executable_path/../Frameworks",
				);
				MARKETING_VERSION = 1.1;
				PRODUCT_BUNDLE_IDENTIFIER = BMD.WidgetTest;
				PRODUCT_NAME = "$(TARGET_NAME)";
				SWIFT_EMIT_LOC_STRINGS = YES;
				SWIFT_VERSION = 5.0;
			};
			name = Release;
		};
		D8648C072D31BD5100DD246A /* Debug */ = {
			isa = XCBuildConfiguration;
			buildSettings = {
				ALWAYS_EMBED_SWIFT_STANDARD_LIBRARIES = YES;
				BUNDLE_LOADER = "$(TEST_HOST)";
				CODE_SIGN_STYLE = Automatic;
				CURRENT_PROJECT_VERSION = 1;
				GENERATE_INFOPLIST_FILE = YES;
				MACOSX_DEPLOYMENT_TARGET = 14.2;
				MARKETING_VERSION = 1.0;
				PRODUCT_BUNDLE_IDENTIFIER = BMD.WidgetTestTests;
				PRODUCT_NAME = "$(TARGET_NAME)";
				SWIFT_EMIT_LOC_STRINGS = NO;
				SWIFT_VERSION = 5.0;
				TEST_HOST = "$(BUILT_PRODUCTS_DIR)/WidgetTest.app/$(BUNDLE_EXECUTABLE_FOLDER_PATH)/WidgetTest";
			};
			name = Debug;
		};
		D8648C082D31BD5100DD246A /* Release */ = {
			isa = XCBuildConfiguration;
			buildSettings = {
				ALWAYS_EMBED_SWIFT_STANDARD_LIBRARIES = YES;
				BUNDLE_LOADER = "$(TEST_HOST)";
				CODE_SIGN_STYLE = Automatic;
				CURRENT_PROJECT_VERSION = 1;
				GENERATE_INFOPLIST_FILE = YES;
				MACOSX_DEPLOYMENT_TARGET = 14.2;
				MARKETING_VERSION = 1.0;
				PRODUCT_BUNDLE_IDENTIFIER = BMD.WidgetTestTests;
				PRODUCT_NAME = "$(TARGET_NAME)";
				SWIFT_EMIT_LOC_STRINGS = NO;
				SWIFT_VERSION = 5.0;
				TEST_HOST = "$(BUILT_PRODUCTS_DIR)/WidgetTest.app/$(BUNDLE_EXECUTABLE_FOLDER_PATH)/WidgetTest";
			};
			name = Release;
		};
		D8648C0A2D31BD5100DD246A /* Debug */ = {
			isa = XCBuildConfiguration;
			buildSettings = {
				ALWAYS_EMBED_SWIFT_STANDARD_LIBRARIES = YES;
				CODE_SIGN_STYLE = Automatic;
				CURRENT_PROJECT_VERSION = 1;
				GENERATE_INFOPLIST_FILE = YES;
				MARKETING_VERSION = 1.0;
				PRODUCT_BUNDLE_IDENTIFIER = BMD.WidgetTestUITests;
				PRODUCT_NAME = "$(TARGET_NAME)";
				SWIFT_EMIT_LOC_STRINGS = NO;
				SWIFT_VERSION = 5.0;
				TEST_TARGET_NAME = WidgetTest;
			};
			name = Debug;
		};
		D8648C0B2D31BD5100DD246A /* Release */ = {
			isa = XCBuildConfiguration;
			buildSettings = {
				ALWAYS_EMBED_SWIFT_STANDARD_LIBRARIES = YES;
				CODE_SIGN_STYLE = Automatic;
				CURRENT_PROJECT_VERSION = 1;
				GENERATE_INFOPLIST_FILE = YES;
				MARKETING_VERSION = 1.0;
				PRODUCT_BUNDLE_IDENTIFIER = BMD.WidgetTestUITests;
				PRODUCT_NAME = "$(TARGET_NAME)";
				SWIFT_EMIT_LOC_STRINGS = NO;
				SWIFT_VERSION = 5.0;
				TEST_TARGET_NAME = WidgetTest;
			};
			name = Release;
		};
		D8648C252D31BD8700DD246A /* Debug */ = {
			isa = XCBuildConfiguration;
			buildSettings = {
				ASSETCATALOG_COMPILER_GLOBAL_ACCENT_COLOR_NAME = AccentColor;
				ASSETCATALOG_COMPILER_WIDGET_BACKGROUND_COLOR_NAME = WidgetBackground;
				CODE_SIGN_ENTITLEMENTS = SimpleWidget/SimpleWidget.entitlements;
				CODE_SIGN_STYLE = Automatic;
				CURRENT_PROJECT_VERSION = 1;
				GENERATE_INFOPLIST_FILE = YES;
				INFOPLIST_FILE = SimpleWidget/Info.plist;
				INFOPLIST_KEY_CFBundleDisplayName = SimpleWidget;
				INFOPLIST_KEY_NSHumanReadableCopyright = "";
				LD_RUNPATH_SEARCH_PATHS = (
					"$(inherited)",
					"@executable_path/../Frameworks",
					"@executable_path/../../../../Frameworks",
				);
				MACOSX_DEPLOYMENT_TARGET = 14.0;
				MARKETING_VERSION = 1.0;
				PRODUCT_BUNDLE_IDENTIFIER = BMD.WidgetTest.SimpleWidget;
				PRODUCT_NAME = "$(TARGET_NAME)";
				SKIP_INSTALL = YES;
				SWIFT_EMIT_LOC_STRINGS = YES;
				SWIFT_VERSION = 5.0;
			};
			name = Debug;
		};
		D8648C262D31BD8700DD246A /* Release */ = {
			isa = XCBuildConfiguration;
			buildSettings = {
				ASSETCATALOG_COMPILER_GLOBAL_ACCENT_COLOR_NAME = AccentColor;
				ASSETCATALOG_COMPILER_WIDGET_BACKGROUND_COLOR_NAME = WidgetBackground;
				CODE_SIGN_ENTITLEMENTS = SimpleWidget/SimpleWidget.entitlements;
				CODE_SIGN_STYLE = Automatic;
				CURRENT_PROJECT_VERSION = 1;
				GENERATE_INFOPLIST_FILE = YES;
				INFOPLIST_FILE = SimpleWidget/Info.plist;
				INFOPLIST_KEY_CFBundleDisplayName = SimpleWidget;
				INFOPLIST_KEY_NSHumanReadableCopyright = "";
				LD_RUNPATH_SEARCH_PATHS = (
					"$(inherited)",
					"@executable_path/../Frameworks",
					"@executable_path/../../../../Frameworks",
				);
				MACOSX_DEPLOYMENT_TARGET = 14.0;
				MARKETING_VERSION = 1.0;
				PRODUCT_BUNDLE_IDENTIFIER = BMD.WidgetTest.SimpleWidget;
				PRODUCT_NAME = "$(TARGET_NAME)";
				SKIP_INSTALL = YES;
				SWIFT_EMIT_LOC_STRINGS = YES;
				SWIFT_VERSION = 5.0;
			};
			name = Release;
		};
/* End XCBuildConfiguration section */

/* Begin XCConfigurationList section */
		D8648BD92D31BD4F00DD246A /* Build configuration list for PBXProject "WidgetTest" */ = {
			isa = XCConfigurationList;
			buildConfigurations = (
				D8648C012D31BD5100DD246A /* Debug */,
				D8648C022D31BD5100DD246A /* Release */,
			);
			defaultConfigurationIsVisible = 0;
			defaultConfigurationName = Release;
		};
		D8648C032D31BD5100DD246A /* Build configuration list for PBXNativeTarget "WidgetTest" */ = {
			isa = XCConfigurationList;
			buildConfigurations = (
				D8648C042D31BD5100DD246A /* Debug */,
				D8648C052D31BD5100DD246A /* Release */,
			);
			defaultConfigurationIsVisible = 0;
			defaultConfigurationName = Release;
		};
		D8648C062D31BD5100DD246A /* Build configuration list for PBXNativeTarget "WidgetTestTests" */ = {
			isa = XCConfigurationList;
			buildConfigurations = (
				D8648C072D31BD5100DD246A /* Debug */,
				D8648C082D31BD5100DD246A /* Release */,
			);
			defaultConfigurationIsVisible = 0;
			defaultConfigurationName = Release;
		};
		D8648C092D31BD5100DD246A /* Build configuration list for PBXNativeTarget "WidgetTestUITests" */ = {
			isa = XCConfigurationList;
			buildConfigurations = (
				D8648C0A2D31BD5100DD246A /* Debug */,
				D8648C0B2D31BD5100DD246A /* Release */,
			);
			defaultConfigurationIsVisible = 0;
			defaultConfigurationName = Release;
		};
		D8648C242D31BD8700DD246A /* Build configuration list for PBXNativeTarget "SimpleWidgetExtension" */ = {
			isa = XCConfigurationList;
			buildConfigurations = (
				D8648C252D31BD8700DD246A /* Debug */,
				D8648C262D31BD8700DD246A /* Release */,
			);
			defaultConfigurationIsVisible = 0;
			defaultConfigurationName = Release;
		};
/* End XCConfigurationList section */
	};
	rootObject = D8648BD62D31BD4F00DD246A /* Project object */;
}
